
Microsoft Visual Studio Solution File, Format Version 12.00
# Visual Studio Version 17
VisualStudioVersion = 17.2.32526.322
MinimumVisualStudioVersion = 10.0.40219.1
Project("{FAE04EC0-301F-11D3-BF4B-00C04F79EFBC}") = "GitBranchingPractice", "GitBranchingPractice.csproj", "{7F3DD565-9B2C-47D4-B8B1-4E038A128576}"
EndProject
Global
	GlobalSection(SolutionConfigurationPlatforms) = preSolution
		Debug|Any CPU = Debug|Any CPU
		Release|Any CPU = Release|Any CPU
	EndGlobalSection
	GlobalSection(ProjectConfigurationPlatforms) = postSolution
		{7F3DD565-9B2C-47D4-B8B1-4E038A128576}.Debug|Any CPU.ActiveCfg = Debug|Any CPU
		{7F3DD565-9B2C-47D4-B8B1-4E038A128576}.Debug|Any CPU.Build.0 = Debug|Any CPU
		{7F3DD565-9B2C-47D4-B8B1-4E038A128576}.Release|Any CPU.ActiveCfg = Release|Any CPU
		{7F3DD565-9B2C-47D4-B8B1-4E038A128576}.Release|Any CPU.Build.0 = Release|Any CPU
	EndGlobalSection
	GlobalSection(SolutionProperties) = preSolution
		HideSolutionNode = FALSE
	EndGlobalSection
	GlobalSection(ExtensibilityGlobals) = postSolution
		SolutionGuid = {4D2D5212-E96E-4EAD-AA40-BD9EA43CD41B}
	EndGlobalSection
EndGlobal
